
Microsoft Visual Studio Solution File, Format Version 12.00
# Visual Studio Version 16
VisualStudioVersion = 16.0.30711.63
MinimumVisualStudioVersion = 10.0.40219.1
Project("{FAE04EC0-301F-11D3-BF4B-00C04F79EFBC}") = "WebApp", "WebApp\WebApp.csproj", "{0FD3EAA2-E380-4C72-995B-693DFD6F2C93}"
EndProject
Global
	GlobalSection(SolutionConfigurationPlatforms) = preSolution
		Debug|Any CPU = Debug|Any CPU
		Release|Any CPU = Release|Any CPU
	EndGlobalSection
	GlobalSection(ProjectConfigurationPlatforms) = postSolution
		{0FD3EAA2-E380-4C72-995B-693DFD6F2C93}.Debug|Any CPU.ActiveCfg = Debug|Any CPU
		{0FD3EAA2-E380-4C72-995B-693DFD6F2C93}.Debug|Any CPU.Build.0 = Debug|Any CPU
		{0FD3EAA2-E380-4C72-995B-693DFD6F2C93}.Release|Any CPU.ActiveCfg = Release|Any CPU
		{0FD3EAA2-E380-4C72-995B-693DFD6F2C93}.Release|Any CPU.Build.0 = Release|Any CPU
	EndGlobalSection
	GlobalSection(SolutionProperties) = preSolution
		HideSolutionNode = FALSE
	EndGlobalSection
	GlobalSection(ExtensibilityGlobals) = postSolution
		SolutionGuid = {C05A0857-43FC-4872-A035-8CA3760DA1A9}
	EndGlobalSection
EndGlobal
